PODS:
  - RxCocoa (3.6.1):
    - RxSwift (~> 3.6)
  - RxSwift (3.6.1)
  - SnapKit (3.2.0)
  - SwiftyGif (3.1.0)

DEPENDENCIES:
  - RxCocoa (~> 3.0)
  - RxSwift (~> 3.0)
  - SnapKit (~> 3.2.0)
  - SwiftyGif

SPEC CHECKSUMS:
  RxCocoa: 84a08739ab186248c7f31ce4ee92d6f8a947d690
  RxSwift: f9de85ea20cd2f7716ee5409fc13523dc638e4e4
  SnapKit: 1ca44df72cfa543218d177cb8aab029d10d86ea7
  SwiftyGif: aad44b7ef0ad1d599ba83d7aa5759e916b520c42

PODFILE CHECKSUM: 249d5bdfc8a094f17a239430a282f7d2458a5968

COCOAPODS: 1.3.1
